
Microsoft Visual Studio Solution File, Format Version 12.00
# Visual Studio Version 17
VisualStudioVersion = 17.4.33110.190
MinimumVisualStudioVersion = 10.0.40219.1
Project("{FAE04EC0-301F-11D3-BF4B-00C04F79EFBC}") = "taskAjax28-12", "taskAjax28-12.csproj", "{231758D5-C884-458B-86E0-71651F7559B4}"
EndProject
Global
	GlobalSection(SolutionConfigurationPlatforms) = preSolution
		Debug|Any CPU = Debug|Any CPU
		Release|Any CPU = Release|Any CPU
	EndGlobalSection
	GlobalSection(ProjectConfigurationPlatforms) = postSolution
		{231758D5-C884-458B-86E0-71651F7559B4}.Debug|Any CPU.ActiveCfg = Debug|Any CPU
		{231758D5-C884-458B-86E0-71651F7559B4}.Debug|Any CPU.Build.0 = Debug|Any CPU
		{231758D5-C884-458B-86E0-71651F7559B4}.Release|Any CPU.ActiveCfg = Release|Any CPU
		{231758D5-C884-458B-86E0-71651F7559B4}.Release|Any CPU.Build.0 = Release|Any CPU
	EndGlobalSection
	GlobalSection(SolutionProperties) = preSolution
		HideSolutionNode = FALSE
	EndGlobalSection
	GlobalSection(ExtensibilityGlobals) = postSolution
		SolutionGuid = {77A99857-B236-4C12-A627-8AD105EBAE0D}
	EndGlobalSection
EndGlobal
